{
  "lockfileVersion": 1,
  "configVersion": 0,
  "workspaces": {
    "": {
      "name": "tracker",
      "dependencies": {
        "@influxdata/influxdb-client": "^1.35.0",
        "@types/node": "^20.19.24",
        "axios": "^1.13.2",
        "dns": "^0.2.2",
        "dotenv": "^17.2.3",
        "maxmind": "^5.0.1",
        "mcpe-ping-fixed": "^0.0.3",
        "mcping-js": "^1.5.0",
        "mcutils-js-api": "^1.0.5",
        "node-cron": "^4.2.1",
        "tar-stream": "^3.1.7",
        "typescript": "^5.9.3",
        "uuid": "^11.1.0",
        "winston": "^3.18.3",
        "winston-daily-rotate-file": "^5.0.0",
      },
      "devDependencies": {
        "@types/bun": "latest",
        "@types/mcping-js": "^1.5.4",
        "@types/tar-stream": "^3.1.4",
      },
      "peerDependencies": {
        "typescript": "^5",
      },
    },
  },
  "packages": {
    "@colors/colors": ["@colors/colors@1.6.0", "", {}, "sha512-Ir+AOibqzrIsL6ajt3Rz3LskB7OiMVHqltZmspbW/TJuTVuyOMirVqAkjfY6JISiLHgyNqicAC8AyHHGzNd/dA=="],

    "@dabh/diagnostics": ["@dabh/diagnostics@2.0.8", "", { "dependencies": { "@so-ric/colorspace": "^1.1.6", "enabled": "2.0.x", "kuler": "^2.0.0" } }, "sha512-R4MSXTVnuMzGD7bzHdW2ZhhdPC/igELENcq5IjEverBvq5hn1SXCWcsi6eSsdWP0/Ur+SItRRjAktmdoX/8R/Q=="],

    "@influxdata/influxdb-client": ["@influxdata/influxdb-client@1.35.0", "", {}, "sha512-woWMi8PDpPQpvTsRaUw4Ig+nOGS/CWwAwS66Fa1Vr/EkW+NEwxI8YfPBsdBMn33jK2Y86/qMiiuX/ROHIkJLTw=="],

    "@so-ric/colorspace": ["@so-ric/colorspace@1.1.6", "", { "dependencies": { "color": "^5.0.2", "text-hex": "1.0.x" } }, "sha512-/KiKkpHNOBgkFJwu9sh48LkHSMYGyuTcSFK/qMBdnOAlrRJzRSXAOFB5qwzaVQuDl8wAvHVMkaASQDReTahxuw=="],

    "@types/bun": ["@types/bun@1.2.19", "", { "dependencies": { "bun-types": "1.2.19" } }, "sha512-d9ZCmrH3CJ2uYKXQIUuZ/pUnTqIvLDS0SK7pFmbx8ma+ziH/FRMoAq5bYpRG7y+w1gl+HgyNZbtqgMq4W4e2Lg=="],

    "@types/mcping-js": ["@types/mcping-js@1.5.4", "", {}, "sha512-yfjoWeDNmJIELV8fdd9EBYydGulnFbBKGjF0qwakOfhsyYD88O3c6bfbFcO++0rgMcvDOjM2oyiYuu78xSkwdw=="],

    "@types/node": ["@types/node@20.19.27", "", { "dependencies": { "undici-types": "~6.21.0" } }, "sha512-N2clP5pJhB2YnZJ3PIHFk5RkygRX5WO/5f0WC08tp0wd+sv0rsJk3MqWn3CbNmT2J505a5336jaQj4ph1AdMug=="],

    "@types/react": ["@types/react@19.1.8", "", { "dependencies": { "csstype": "^3.0.2" } }, "sha512-AwAfQ2Wa5bCx9WP8nZL2uMZWod7J7/JSplxbTmBQ5ms6QpqNYm672H0Vu9ZVKVngQ+ii4R/byguVEUZQyeg44g=="],

    "@types/tar-stream": ["@types/tar-stream@3.1.4", "", { "dependencies": { "@types/node": "*" } }, "sha512-921gW0+g29mCJX0fRvqeHzBlE/XclDaAG0Ousy1LCghsOhvaKacDeRGEVzQP9IPfKn8Vysy7FEXAIxycpc/CMg=="],

    "@types/triple-beam": ["@types/triple-beam@1.3.5", "", {}, "sha512-6WaYesThRMCl19iryMYP7/x2OVgCtbIVflDGFpWnb9irXI3UjYE4AzmYuiUKY1AJstGijoY+MgUszMgRxIYTYw=="],

    "accepts": ["accepts@1.0.7", "", { "dependencies": { "mime-types": "~1.0.0", "negotiator": "0.4.7" } }, "sha512-iq8ew2zitUlNcUca0wye3fYwQ6sSPItDo38oC0R+XA5KTzeXRN+GF7NjOXs3dVItj4J+gQVdpq4/qbnMb1hMHw=="],

    "after": ["after@0.8.1", "", {}, "sha512-SuI3vWhCFeSmkmmJ3efyuOkrhGyp/AuHthh3F5DinGYh2kR9t/0xUlm3/Vn2qMScfgg+cKho5fW7TUEYUhYeiA=="],

    "arraybuffer.slice": ["arraybuffer.slice@0.0.6", "", {}, "sha512-6ZjfQaBSy6CuIH0+B0NrxMfDE5VIOCP/5gOqSpEIsaAZx9/giszzrXg6PZ7G51U/n88UmlAgYLNQ9wAnII7PJA=="],

    "assert-plus": ["assert-plus@1.0.0", "", {}, "sha512-NfJ4UzBCcQGLDlQq7nHxH+tv3kyZ0hHQqF5BO6J7tNJeP5do1llPr8dZ8zHonfhAu0PHAdMkSo+8o0wxg9lZWw=="],

    "async": ["async@3.2.6", "", {}, "sha512-htCUDlxyyCLMgaM3xXg0C0LW2xqfuQ6p05pCEIsXuyQ+a1koYKTuBMzRNwmybfLgvJDMd0r1LTn4+E0Ti6C2AA=="],

    "asynckit": ["asynckit@0.4.0", "", {}, "sha512-Oei9OH4tRh0YqU3GxhX79dM/mwVgvbZJaSNaRk+bshkj0S5cfHcgYakreBjrHwatXKbz+IoIdYLxrKim2MjW0Q=="],

    "aws-sign": ["aws-sign@0.2.1", "", {}, "sha512-cQFl6jK/Lq416OqpT+lb1RIay1wShuQjHF3/kAJbyMvruV8vSpDahaGNkbeupdGRgXR8Ii0O/ZIbTQPdp+l3pA=="],

    "axios": ["axios@1.13.2", "", { "dependencies": { "follow-redirects": "^1.15.6", "form-data": "^4.0.4", "proxy-from-env": "^1.1.0" } }, "sha512-VPk9ebNqPcy5lRGuSlKx752IlDatOjT9paPlm8A7yOuW2Fbvp4X3JznJtT4f0GzGLLiWE9W8onz51SqLYwzGaA=="],

    "b4a": ["b4a@1.7.3", "", { "peerDependencies": { "react-native-b4a": "*" }, "optionalPeers": ["react-native-b4a"] }, "sha512-5Q2mfq2WfGuFp3uS//0s6baOJLMoVduPYVeNmDYxu5OUA1/cBfvr2RIS7vi62LdNj/urk1hfmj867I3qt6uZ7Q=="],

    "bare-events": ["bare-events@2.8.2", "", { "peerDependencies": { "bare-abort-controller": "*" }, "optionalPeers": ["bare-abort-controller"] }, "sha512-riJjyv1/mHLIPX4RwiK+oW9/4c3TEUeORHKefKAKnZ5kyslbN+HXowtbaVEqt4IMUB7OXlfixcs6gsFeo/jhiQ=="],

    "base64-arraybuffer": ["base64-arraybuffer@0.1.2", "", {}, "sha512-ewBKKVVPIl78B26mYQHYlaxR7NydMiD/GxwLNIwTAfLIE4xhN2Gxcy30//azq5UrejXjzGpWjcBu3NUJxzMMzg=="],

    "base64id": ["base64id@0.1.0", "", {}, "sha512-DSjtfjhAsHl9J4OJj7e4+toV2zqxJrGwVd3CLlsCp8QmicvOn7irG0Mb8brOc/nur3SdO8lIbNlY1s1ZDJdUKQ=="],

    "basic-auth": ["basic-auth@1.0.0", "", {}, "sha512-qzxS7/bW/LSiKZzdZw3isPjiVmzXbJLM3ImZZ62WMR3oJQAyqy094Nnb0TA2ZZm65xB7nu0acfTQ99z7wwCDCw=="],

    "better-assert": ["better-assert@1.0.2", "", { "dependencies": { "callsite": "1.0.0" } }, "sha512-bYeph2DFlpK1XmGs6fvlLRUN29QISM3GBuUwSFsMY2XRx4AvC0WNCS57j4c/xGrK2RS24C1w3YoBOsw9fT46tQ=="],

    "binaryheap": ["binaryheap@0.0.3", "", {}, "sha512-9JFb4Yt5R9FZwbJaxOayF+T5sxn5eiU2NA9/LOeI1g2FUFRTdxpdmWppikO4O5AbNze8s0sL6ZuFxB1y4Ay8GA=="],

    "blob": ["blob@0.0.2", "", {}, "sha512-BoCcDt8zBGShn6DawAGQw37s9SSs+fEjiZWDzyB+841PbOogcR2X7LGlM4sR3Zsiq/zoyl8MFWDfN6oDSlveBQ=="],

    "body-parser": ["body-parser@1.5.0", "", { "dependencies": { "bytes": "1.0.0", "depd": "0.4.2", "iconv-lite": "0.4.4", "media-typer": "0.2.0", "qs": "0.6.6", "raw-body": "1.3.0", "type-is": "~1.3.2" } }, "sha512-UJfZike68QN1mdo0mA+Z0y+0qi10oxOrCPw2CZpP73O/LIfEWHDy9SHhwsME1mdk1WmnltBLddUkfBpuKPH4Ng=="],

    "boom": ["boom@0.3.8", "", { "dependencies": { "hoek": "0.7.x" } }, "sha512-wTAE8aPTB971DLEE1Xfaw/5uSDqm7wGEJqUIza150BTelZieRvvzkLZO7fK3BeaiYClpJ5OYunQHqp5Jp7xrSQ=="],

    "buffer-crc32": ["buffer-crc32@0.2.3", "", {}, "sha512-HLvoSqq1z8fJEcT1lUlJZ4OJaXJZ1wsWm0+fBxkz9Bdf/WphA4Da7FtGUguNNyEXL4WB0hNMTaWmdFRFPy8YOQ=="],

    "buffercursor": ["buffercursor@0.0.12", "", { "dependencies": { "verror": "^1.4.0" } }, "sha512-Z+6Jm/eW6ITeqcFQKVXX7LYIGk7rENqCKHJ4CbWfJMeLpQZJj1v70WehkLmp+1kFN/QyCgpQ3Z0dKUHAwSbf9w=="],

    "bufferview": ["bufferview@1.0.1", "", {}, "sha512-q87jdvsZ/sEngmDUvPT/PJsBGCi998c3B1U/6IN1uGg+R2HrTFJUDccXZEx6OxpuLySyBDGXc7vkSt4BXTyKxA=="],

    "bun-types": ["bun-types@1.2.19", "", { "dependencies": { "@types/node": "*" }, "peerDependencies": { "@types/react": "^19" } }, "sha512-uAOTaZSPuYsWIXRpj7o56Let0g/wjihKCkeRqUBhlLVM/Bt+Fj9xTo+LhC1OV1XDaGkz4hNC80et5xgy+9KTHQ=="],

    "bytebuffer": ["bytebuffer@4.1.0", "", { "dependencies": { "bufferview": "~1", "long": "~2 >=2.3.0" } }, "sha512-iUP8IfllRZiCGYACmcE7IxEfW+L1OKUEcHhXsrosqf51HnwR55THbePWeY3xAFxMlhhUa2I6x3cp5zG2vHI2YQ=="],

    "bytes": ["bytes@1.0.0", "", {}, "sha512-/x68VkHLeTl3/Ll8IvxdwzhrT+IyKc52e/oyHhA2RwqPqswSnjVbSddfPRwAsJtbilMAPSRWwAlpxdYsSWOTKQ=="],

    "call-bind-apply-helpers": ["call-bind-apply-helpers@1.0.2", "", { "dependencies": { "es-errors": "^1.3.0", "function-bind": "^1.1.2" } }, "sha512-Sp1ablJ0ivDkSzjcaJdxEunN5/XvksFJ2sMBFfq6x0ryhQV/2b/KwFe21cMpmHtPOSij8K99/wSfoEuTObmuMQ=="],

    "callsite": ["callsite@1.0.0", "", {}, "sha512-0vdNRFXn5q+dtOqjfFtmtlI9N2eVZ7LMyEV2iKC5mEEFvSg/69Ml6b/WU2qF8W1nLRa0wiSrDT3Y5jOHZCwKPQ=="],

    "color": ["color@5.0.3", "", { "dependencies": { "color-convert": "^3.1.3", "color-string": "^2.1.3" } }, "sha512-ezmVcLR3xAVp8kYOm4GS45ZLLgIE6SPAFoduLr6hTDajwb3KZ2F46gulK3XpcwRFb5KKGCSezCBAY4Dw4HsyXA=="],

    "color-convert": ["color-convert@3.1.3", "", { "dependencies": { "color-name": "^2.0.0" } }, "sha512-fasDH2ont2GqF5HpyO4w0+BcewlhHEZOFn9c1ckZdHpJ56Qb7MHhH/IcJZbBGgvdtwdwNbLvxiBEdg336iA9Sg=="],

    "color-name": ["color-name@2.1.0", "", {}, "sha512-1bPaDNFm0axzE4MEAzKPuqKWeRaT43U/hyxKPBdqTfmPF+d6n7FSoTFxLVULUJOmiLp01KjhIPPH+HrXZJN4Rg=="],

    "color-string": ["color-string@2.1.4", "", { "dependencies": { "color-name": "^2.0.0" } }, "sha512-Bb6Cq8oq0IjDOe8wJmi4JeNn763Xs9cfrBcaylK1tPypWzyoy2G3l90v9k64kjphl/ZJjPIShFztenRomi8WTg=="],

    "colors": ["colors@0.6.2", "", {}, "sha512-OsSVtHK8Ir8r3+Fxw/b4jS1ZLPXkV6ZxDRJQzeD7qo0SqMXWrHDM71DgYzPMHY8SFJ0Ao+nNU2p1MmwdzKqPrw=="],

    "combined-stream": ["combined-stream@1.0.8", "", { "dependencies": { "delayed-stream": "~1.0.0" } }, "sha512-FQN4MRfuJeHf7cBbBMJFXhKSDq+2kAArBlmRBvcvFE5BB1HZKXtSFASDhdlz9zOYwxh8lDdnvmMOe/+5cdoEdg=="],

    "commander": ["commander@0.6.1", "", {}, "sha512-0fLycpl1UMTGX257hRsu/arL/cUbcvQM4zMKwvLvzXtfdezIV4yotPS2dYtknF+NmEfWSoCEF6+hj9XLm/6hEw=="],

    "component-bind": ["component-bind@1.0.0", "", {}, "sha512-WZveuKPeKAG9qY+FkYDeADzdHyTYdIboXS59ixDeRJL5ZhxpqUnxSOwop4FQjMsiYm3/Or8cegVbpAHNA7pHxw=="],

    "component-emitter": ["component-emitter@1.1.2", "", {}, "sha512-YhIbp3PJiznERfjlIkK0ue4obZxt2S60+0W8z24ZymOHT8sHloOqWOqZRU2eN5OlY8U08VFsP02letcu26FilA=="],

    "component-inherit": ["component-inherit@0.0.3", "", {}, "sha512-w+LhYREhatpVqTESyGFg3NlP6Iu0kEKUHETY9GoZP/pQyW4mHFZuFWRUCIqVPZ36ueVLtoOEZaAqbCF2RDndaA=="],

    "connect": ["connect@3.0.2", "", { "dependencies": { "debug": "1.0.3", "finalhandler": "0.0.2", "parseurl": "~1.1.3", "utils-merge": "1.0.0" } }, "sha512-k3kqw6T2Fc5ihvh5VVjwuJHA++qvh0/rPfe2GkJ5QNSQ9tRigQXMjtX2CYf73KZFe4+IV3HfQ3VR3W+nkt0eWQ=="],

    "cookie": ["cookie@0.1.2", "", {}, "sha512-+mHmWbhevLwkiBf7QcbZXHr0v4ZQQ/OgHk3fsQHrsMMiGzuvAmU/YMUR+ZfrO/BLAGIWFfx2Z7Oyso0tZR/wiA=="],

    "cookie-jar": ["cookie-jar@0.2.0", "", {}, "sha512-yImk9AY90xjoUsN2fWHoIhVgveXqiZv7LDqUTZEzVBHyzfay8AjcJITUZpz2fTYLh6rnP+7GogiuRCo/5j2epg=="],

    "cookie-signature": ["cookie-signature@1.0.4", "", {}, "sha512-k+lrG38ZC/S7zN6l1/HcF6xF4jMwkIUjnr5afDU7tzFxIfDmKzdqJdXo8HNYaXOuBJ3tPKxSiwCOTA0b3qQfaA=="],

    "core-util-is": ["core-util-is@1.0.2", "", {}, "sha512-3lqz5YjWTYnW6dlDa5TLaTCcShfar1e40rmcJVwCBJC6mWlFuj0eCHIElmG1g5kyuJ/GD+8Wn4FFCcz4gJPfaQ=="],

    "cryptiles": ["cryptiles@0.1.3", "", { "dependencies": { "boom": "0.3.x" } }, "sha512-YI0PphzKlfxoNvaUPpkf8x+TUssMJimL1pPIEgj+8WSx0PQtfesYms/dua8Rn+KZWqoCL4AxcxHZJS9nd/oLPw=="],

    "csstype": ["csstype@3.1.3", "", {}, "sha512-M1uQkMl8rQK/szD0LNhtqxIPLpimGm8sOBwU7lLnCpSbTyY3yeU1Vc7l4KT5zT4s/yOxHH5O7tIuuLOCnLADRw=="],

    "cycle": ["cycle@1.0.3", "", {}, "sha512-TVF6svNzeQCOpjCqsy0/CSy8VgObG3wXusJ73xW2GbG5rGx7lC8zxDSURicsXI2UsGdi2L0QNRCi745/wUDvsA=="],

    "debug": ["debug@1.0.3", "", { "dependencies": { "ms": "0.6.2" } }, "sha512-MltK7Ykj/udtD728gD/RrONStwVnDpBNIP1h+CBcnwnJdHqHxfWHI1E8XLootUl7NOPAYTCCXlb8/Qmy7WyB1w=="],

    "defaultable": ["defaultable@0.7.2", "", {}, "sha512-UEaHGfefWfbnANtSlCtuAelo7HZhCbdLAQAttRDVJpQplbA1G21t/J70VGznRA4z9py2k70tTW+3ogGs5VgrcQ=="],

    "delayed-stream": ["delayed-stream@1.0.0", "", {}, "sha512-ZySD7Nf91aLB0RxL4KGrKHBXl7Eds1DAmEdcoVawXnLD7SDhpNgtuII2aAkg7a7QS41jxPSZ17p4VdGnMHk3MQ=="],

    "depd": ["depd@0.4.2", "", {}, "sha512-tG4S/hTtpA6stvb9Li65vWHrCblQ/oSN/UI90RKIA3wMk3N9lR1k/dCs8NKKNAy7UXD0+1/dUqhiaBuMatVNAQ=="],

    "dns": ["dns@0.2.2", "", { "dependencies": { "hbo-dnsd": "0.9.8", "native-dns": "0.6.1", "node-options": "0.0.6", "tomahawk": "0.1.6", "tomahawk-plugin-kv-memory-store": "0.0.3", "winston": "0.7.3" }, "bin": { "dns": "./bin/dns" } }, "sha512-dhCgBk0QglzySl2BVlIkRuk7aTqxlCe+5KhHEX5ULuco7RcB6d1zDnP5iGSs2rLdJaTc+82MxegtJtjFuueWiQ=="],

    "dotenv": ["dotenv@17.2.3", "", {}, "sha512-JVUnt+DUIzu87TABbhPmNfVdBDt18BLOWjMUFJMSi/Qqg7NTYtabbvSNJGOJ7afbRuv9D/lngizHtP7QyLQ+9w=="],

    "dunder-proto": ["dunder-proto@1.0.1", "", { "dependencies": { "call-bind-apply-helpers": "^1.0.1", "es-errors": "^1.3.0", "gopd": "^1.2.0" } }, "sha512-KIN/nDJBQRcXw0MLVhZE9iQHmG68qAVIBg9CqmUYjmQIhgij9U5MFvrqkUL5FbtyyzZuOeOt0zdeRe4UY7ct+A=="],

    "ee-first": ["ee-first@1.0.3", "", {}, "sha512-1q/3kz+ZwmrrWpJcCCrBZ3JnBzB1BMA5EVW9nxnIP1LxDZ16Cqs9VdolqLWlExet1vU+bar3WSkAa4/YrA9bIw=="],

    "emitter": ["emitter@http://github.com/component/emitter/archive/1.0.1.tar.gz", { "dependencies": { "indexof": "0.0.1" } }],

    "enabled": ["enabled@2.0.0", "", {}, "sha512-AKrN98kuwOzMIdAizXGI86UFBoo26CL21UM763y1h/GMSJ4/OHU9k2YlsmBpyScFo/wbLzWQJBMCW4+IO3/+OQ=="],

    "engine.io": ["engine.io@1.3.1", "", { "dependencies": { "base64id": "0.1.0", "debug": "0.6.0", "engine.io-parser": "1.0.6", "ws": "0.4.31" } }, "sha512-fjnHWC9SLPoygMp6pqwoxmNkDDdYme4eCRTBTZLmEtGZETCpUEgSwoQjSgyj7IyIjqninKRF+2VeEV2kOniUFQ=="],

    "engine.io-client": ["engine.io-client@1.3.1", "", { "dependencies": { "component-emitter": "1.1.2", "component-inherit": "0.0.3", "debug": "0.7.4", "engine.io-parser": "1.0.6", "has-cors": "1.0.3", "indexof": "0.0.1", "parsejson": "0.0.1", "parseqs": "0.0.2", "parseuri": "0.0.2", "ws": "0.4.31", "xmlhttprequest": "https://github.com/LearnBoost/node-XMLHttpRequest/archive/0f36d0b5ebc03d85f860d42a64ae9791e1daa433.tar.gz" } }, "sha512-bTOZMqAe7HXhyA/2T7Fve04b/ZZruTHSOqa+yn8U4RFSyRAVPePjopOgJOUNciEfuXo1gx850P5LzaQU28/p3w=="],

    "engine.io-parser": ["engine.io-parser@1.0.6", "", { "dependencies": { "after": "0.8.1", "arraybuffer.slice": "0.0.6", "base64-arraybuffer": "0.1.2", "blob": "0.0.2", "utf8": "2.0.0" } }, "sha512-ipbmiNj4OfAL9csof0FlI9L2jkU/lgcUphHjnTDo1KABsA21WtsVy/1OjhCj8xxhNIHtxEZ3/t7uB45gEMhD4g=="],

    "errorhandler": ["errorhandler@1.1.1", "", { "dependencies": { "accepts": "~1.0.4", "escape-html": "1.0.1" } }, "sha512-nqVAii3wDkiowAVKDmcuwKOQ/5vsg9GfCcJxSMHgy8yiZUA3mMDpBcHnCVolDYgQ7wsC2yZQVOavR5fGHhFMkg=="],

    "es-define-property": ["es-define-property@1.0.1", "", {}, "sha512-e3nRfgfUZ4rNGL232gUgX06QNyyez04KdjFrF+LTRoOXmrOgFKDg4BCdsjW8EnT69eqdYGmRpJwiPVYNrCaW3g=="],

    "es-errors": ["es-errors@1.3.0", "", {}, "sha512-Zf5H2Kxt2xjTvbJvP2ZWLEICxA6j+hAmMzIlypy4xcBg1vKVnx89Wy0GbS+kf5cwCVFFzdCFh2XSCFNULS6csw=="],

    "es-object-atoms": ["es-object-atoms@1.1.1", "", { "dependencies": { "es-errors": "^1.3.0" } }, "sha512-FGgH2h8zKNim9ljj7dankFPcICIK9Cp5bm+c2gQSYePhpaG5+esrLODihIorn+Pe6FGJzWhXQotPv73jTaldXA=="],

    "es-set-tostringtag": ["es-set-tostringtag@2.1.0", "", { "dependencies": { "es-errors": "^1.3.0", "get-intrinsic": "^1.2.6", "has-tostringtag": "^1.0.2", "hasown": "^2.0.2" } }, "sha512-j6vWzfrGVfyXxge+O0x5sh6cvxAog0a/4Rdd2K36zCMV5eJ+/+tOAngRO8cODMNWbVRdVlmGZQL2YS3yR8bIUA=="],

    "escape-html": ["escape-html@1.0.1", "", {}, "sha512-z6kAnok8fqVTra7Yu77dZF2Y6ETJlxH58wN38wNyuNQLm8xXdKnfNrlSmfXsTePWP03rRVUKHubtUwanwUi7+g=="],

    "events-universal": ["events-universal@1.0.1", "", { "dependencies": { "bare-events": "^2.7.0" } }, "sha512-LUd5euvbMLpwOF8m6ivPCbhQeSiYVNb8Vs0fQ8QjXo0JTkEHpz8pxdQf0gStltaPpw0Cca8b39KxvK9cfKRiAw=="],

    "express": ["express@4.6.1", "", { "dependencies": { "accepts": "~1.0.7", "buffer-crc32": "0.2.3", "cookie": "0.1.2", "cookie-signature": "1.0.4", "debug": "1.0.3", "depd": "0.3.0", "escape-html": "1.0.1", "finalhandler": "0.0.3", "fresh": "0.2.2", "media-typer": "0.2.0", "merge-descriptors": "0.0.2", "methods": "1.1.0", "parseurl": "~1.1.3", "path-to-regexp": "0.1.3", "proxy-addr": "1.0.1", "qs": "0.6.6", "range-parser": "1.0.0", "send": "0.6.0", "serve-static": "~1.3.2", "type-is": "~1.3.2", "utils-merge": "1.0.0", "vary": "0.1.0" } }, "sha512-nG9Y8xfzgrW/9XCr5sv+KDbtY8mZPN9HO3GziltaubpvleI+1RyHxAKvYjmFih3HkQIaPXW9ozxMHBDNf3UXng=="],

    "extsprintf": ["extsprintf@1.4.1", "", {}, "sha512-Wrk35e8ydCKDj/ArClo1VrPVmN8zph5V4AtHwIuHhvMXsKf73UT3BOD+azBIW+3wOJ4FhEH7zyaJCFvChjYvMA=="],

    "eyes": ["eyes@0.1.8", "", {}, "sha512-GipyPsXO1anza0AOZdy69Im7hGFCNB7Y/NGjDlZGJ3GJJLtwNSb2vrzYrTYJRrRloVx7pl+bhUaTB8yiccPvFQ=="],

    "fast-fifo": ["fast-fifo@1.3.2", "", {}, "sha512-/d9sfos4yxzpwkDkuN7k2SqFKtYNmCTzgfEpz82x34IM9/zc8KGxQoXg1liNC/izpRM/MBdt44Nmx41ZWqk+FQ=="],

    "fecha": ["fecha@4.2.3", "", {}, "sha512-OP2IUU6HeYKJi3i0z4A19kHMQoLVs4Hc+DPqqxI2h/DPZHTm/vjsfC6P0b4jCMy14XizLBqvndQ+UilD7707Jw=="],

    "file-stream-rotator": ["file-stream-rotator@0.6.1", "", { "dependencies": { "moment": "^2.29.1" } }, "sha512-u+dBid4PvZw17PmDeRcNOtCP9CCK/9lRN2w+r1xIS7yOL9JFrIBKTvrYsxT4P0pGtThYTn++QS5ChHaUov3+zQ=="],

    "finalhandler": ["finalhandler@0.0.2", "", { "dependencies": { "debug": "1.0.2", "escape-html": "1.0.1" } }, "sha512-SbpQfvWVwWEBlPTQyaM9gs0D5404ENTC0x2jzbb7t+P+EOD/cBlWjAAvfozIQYtOepUuNkxoLNLCK9/kS29f4w=="],

    "finished": ["finished@1.2.2", "", { "dependencies": { "ee-first": "1.0.3" } }, "sha512-HPJ8x7Gn1pmTS1zWyMoXmQ1yxHkYHRoFsBI66ONq4PS9iWBJy1iHYXOSqMWNp3ksMXfrBpenkSwBhl9WG4zr4Q=="],

    "fn.name": ["fn.name@1.1.0", "", {}, "sha512-GRnmB5gPyJpAhTQdSZTSp9uaPSvl09KoYcMQtsB9rQoOmzs9dH6ffeccH+Z+cv6P68Hu5bC6JjRh4Ah/mHSNRw=="],

    "follow-redirects": ["follow-redirects@1.15.11", "", {}, "sha512-deG2P0JfjrTxl50XGCDyfI97ZGVCxIpfKYmfyrQ54n5FO/0gfIES8C/Psl6kWVDolizcaaxZJnTS0QSMxvnsBQ=="],

    "forever-agent": ["forever-agent@0.2.0", "", {}, "sha512-IasWSRIlfPnBZY1K9jEUK3PwsScR4mrcK+aNBJzGoPnW+S9b6f8I8ScyH4cehEOFNqnjGpP2gCaA22gqSV1xQA=="],

    "form-data": ["form-data@4.0.5", "", { "dependencies": { "asynckit": "^0.4.0", "combined-stream": "^1.0.8", "es-set-tostringtag": "^2.1.0", "hasown": "^2.0.2", "mime-types": "^2.1.12" } }, "sha512-8RipRLol37bNs2bhoV67fiTEvdTrbMUYcFTiy3+wuuOnUog2QBHCZWXDRijWQfAkhBj2Uf5UnVaiWwA5vdd82w=="],

    "fresh": ["fresh@0.2.2", "", {}, "sha512-ZGGi8GROK//ijm2gB33sUuN9TjN1tC/dvG4Bt4j6IWrVGpMmudUBCxx+Ir7qePsdREfkpQC4FL8W0jeSOsgv1w=="],

    "function-bind": ["function-bind@1.1.2", "", {}, "sha512-7XHNxH7qX9xG5mIwxkhumTox/MIRNcOgDrxWsMt2pAr23WHp6MrRlN7FBSFpCpr+oVO0F744iUgR82nJMfG2SA=="],

    "get-intrinsic": ["get-intrinsic@1.3.0", "", { "dependencies": { "call-bind-apply-helpers": "^1.0.2", "es-define-property": "^1.0.1", "es-errors": "^1.3.0", "es-object-atoms": "^1.1.1", "function-bind": "^1.1.2", "get-proto": "^1.0.1", "gopd": "^1.2.0", "has-symbols": "^1.1.0", "hasown": "^2.0.2", "math-intrinsics": "^1.1.0" } }, "sha512-9fSjSaos/fRIVIp+xSJlE6lfwhES7LNtKaCBIamHsjr2na1BiABJPo0mOjjz8GJDURarmCPGqaiVg5mfjb98CQ=="],

    "get-proto": ["get-proto@1.0.1", "", { "dependencies": { "dunder-proto": "^1.0.1", "es-object-atoms": "^1.0.0" } }, "sha512-sTSfBjoXBp89JvIKIefqw7U2CCebsc74kiY6awiGogKtoSGbgjYE/G/+l9sF3MWFPNc9IcoOC4ODfKHfxFmp0g=="],

    "global": ["global@https://github.com/component/global/archive/v2.0.1.tar.gz", {}],

    "gopd": ["gopd@1.2.0", "", {}, "sha512-ZUKRh6/kUFoAiTAtTYPZJ3hw9wNxx+BIBOijnlG9PnrJsCcSjs1wyyD6vJpaYtgnzDrKYRSqf3OO6Rfa93xsRg=="],

    "has-binary-data": ["has-binary-data@0.1.1", "", { "dependencies": { "isarray": "0.0.1" } }, "sha512-XqIrqIgPlA2gxvHKudDsLJt8Xu8B4DvkHyUWGmLWYOAO0rFOL94Ds4NSveSZ1fCjWX22tQgIiRpDKAETex8GCQ=="],

    "has-cors": ["has-cors@1.0.3", "", { "dependencies": { "global": "https://github.com/component/global/archive/v2.0.1.tar.gz" } }, "sha512-Mxk1ba23PNtB3zPigreijApS3uuH9bhgZkqQtLQj7ydWHsGeb9uOtk4gsK6mZj4rYG6VNS/CT9G1XkYfgItpKg=="],

    "has-symbols": ["has-symbols@1.1.0", "", {}, "sha512-1cDNdwJ2Jaohmb3sg4OmKaMBwuC48sYni5HUw2DvsC8LjGTLK9h+eb1X6RyuOHe4hT0ULCW68iomhjUoKUqlPQ=="],

    "has-tostringtag": ["has-tostringtag@1.0.2", "", { "dependencies": { "has-symbols": "^1.0.3" } }, "sha512-NqADB8VjPFLM2V0VvHUewwwsw0ZWBaIdgo+ieHtK3hasLz4qeCRjYcqfB6AQrBggRKppKF8L52/VqdVsO47Dlw=="],

    "hasown": ["hasown@2.0.2", "", { "dependencies": { "function-bind": "^1.1.2" } }, "sha512-0hJU9SCPvmMzIBdZFqNPXWa6dqh7WdH0cII9y+CyS8rG3nL48Bclra9HmKhVVUHyPWNH5Y7xDwAB7bfgSjkUMQ=="],

    "hawk": ["hawk@0.10.2", "", { "dependencies": { "boom": "0.3.x", "cryptiles": "0.1.x", "hoek": "0.7.x", "sntp": "0.1.x" } }, "sha512-BjpmnZ95odv7KOIsydfNTAxfGOGaVc6xbYL4fozWl45PWjDqskix0LHAekmGkpnrCAI6+AZRvJIXNTAllj+e6w=="],

    "hbo-dnsd": ["hbo-dnsd@0.9.8", "", { "dependencies": { "defaultable": "~0.7.2", "optimist": "~0.3.4" } }, "sha512-mIj4V7OicuAlnSfvTXopd401Ba7eFFSL2L3EmM1NqlIWe1pJ/x9dyHqfnKXnJr5qSbNFLnadXvwNd3kURNy+ug=="],

    "hoek": ["hoek@0.7.6", "", {}, "sha512-z75muWk69yyjWn6nNzJP0pnfgcewtSTs7uBolGUA7kWNdCYZukzHn3sYqUirhXul7qp9WBUwNT/7ieJZNveJqg=="],

    "iconv-lite": ["iconv-lite@0.4.4", "", {}, "sha512-BnjNp13aZpK4WBGbmjaNHN2MCp3P850n8zd/JLinQJ8Lsnq2Br4o2467C2waMsY5kr7Z41SL1gEqh8Vbfzg15A=="],

    "indexof": ["indexof@0.0.1", "", {}, "sha512-i0G7hLJ1z0DE8dsqJa2rycj9dBmNKgXBvotXtZYXakU9oivfB9Uj2ZBC27qqef2U58/ZLwalxa1X/RDCdkHtVg=="],

    "inherits": ["inherits@2.0.4", "", {}, "sha512-k/vGaX4/Yla3WzyMCvTQOXYeIHvqOKtnqBduzTHpzpQZzAskKMhZ2K+EnBiSM9zGSoIFeMpXKxa4dYeZIQqewQ=="],

    "ipaddr.js": ["ipaddr.js@2.3.0", "", {}, "sha512-Zv/pA+ciVFbCSBBjGfaKUya/CcGmUHzTydLMaTwrUUEM2DIEO3iZvueGxmacvmN50fGpGVKeTXpb2LcYQxeVdg=="],

    "is-stream": ["is-stream@2.0.1", "", {}, "sha512-hFoiJiTl63nn+kstHGBtewWSKnQLpyb155KHheA1l39uvtO9nWIop1p3udqPcUd/xbF1VLMO4n7OI6p7RbngDg=="],

    "isarray": ["isarray@0.0.1", "", {}, "sha512-D2S+3GLxWH+uhrNEcoh/fnmYeP8E8/zHl644d/jdA0g2uyXvy3sb0qxotE+ne0LtccHknQzWwZEzhak7oJ0COQ=="],

    "json-stringify-safe": ["json-stringify-safe@3.0.0", "", {}, "sha512-VSSuxEAawKLYlCabQOR7YDijQ69zPqQBOriUuCgNhlAqtU7RPr41gPpaSs6WkEu+ZOtUequpXWbI51CS+Z/gMQ=="],

    "json3": ["json3@3.2.6", "", {}, "sha512-KA+GHhYTLTo7Ri4DyjwUgW8kn98AYtVZtBC94qL5yD0ZSYct8/eF8qBmTNyk+gPE578bKeIL4WBq+MUyd1I26g=="],

    "kuler": ["kuler@2.0.0", "", {}, "sha512-Xq9nH7KlWZmXAtodXDDRE7vs6DU1gTU8zYDHDiWLSip45Egwq3plLHzPn27NgvzL2r1LMPC1vdqh98sQxtqj4A=="],

    "logform": ["logform@2.7.0", "", { "dependencies": { "@colors/colors": "1.6.0", "@types/triple-beam": "^1.3.2", "fecha": "^4.2.0", "ms": "^2.1.1", "safe-stable-stringify": "^2.3.1", "triple-beam": "^1.3.0" } }, "sha512-TFYA4jnP7PVbmlBIfhlSe+WKxs9dklXMTEGcBCIvLhE/Tn3H6Gk1norupVW7m5Cnd4bLcr08AytbyV/xj7f/kQ=="],

    "long": ["long@2.4.0", "", {}, "sha512-ijUtjmO/n2A5PaosNG9ZGDsQ3vxJg7ZW8vsY8Kp0f2yIZWhSJvjmegV7t+9RPQKxKrvj8yKGehhS+po14hPLGQ=="],

    "math-intrinsics": ["math-intrinsics@1.1.0", "", {}, "sha512-/IXtbwEk5HTPyEwyKX6hGkYXxM9nbj64B+ilVJnC/R6B0pH5G4V3b0pVbL7DBj4tkhBAppbQUlf6F6Xl9LHu1g=="],

    "maxmind": ["maxmind@5.0.1", "", { "dependencies": { "mmdb-lib": "3.0.1", "tiny-lru": "11.4.5" } }, "sha512-hYxQxvHkBUlyF34f7IlQOb60rytezCi2oZ8H/BtZpcoodXTlcK1eLgf7kY2TofHqBC3o+Hqtvde9kS72gFQSDw=="],

    "mcpe-ping-fixed": ["mcpe-ping-fixed@0.0.3", "", { "dependencies": { "bytebuffer": "^4.0.0", "portfinder": "^0.4.0" } }, "sha512-STb0fhDpFB6Z2JJGFRHIG0yat3vyI3U6QVatyY5rLlrbcfw+elP4NcpfXp9pmr5N9kQff2Chw1xsRW9sI9CXPQ=="],

    "mcping-js": ["mcping-js@1.5.0", "", {}, "sha512-CoXbpbSqE4OtJupU2lvzoKFrGerH0AoyY9YoQ98EKUOhtxfLQa+f+DFqWYUaZ451Scru1gJm/+w6d3IKJhMGvQ=="],

    "mcutils-js-api": ["mcutils-js-api@1.0.5", "", {}, "sha512-J2V/en1oDgmIU0rZ/CCAWL/r4X9hguNaophGTugQ6UFggHulv8rn3upFs63QsOZdoGQlFYegjPDlUSWQt7Y0jw=="],

    "media-typer": ["media-typer@0.2.0", "", {}, "sha512-TSggxYk75oP4tae7JkT8InpcFGUP4340zg1dOWjcu9qcphaDKtXEuNUv3OD4vJ+gVTvIDK797W0uYeNm8qqsDg=="],

    "merge-descriptors": ["merge-descriptors@0.0.2", "", {}, "sha512-dYBT4Ep+t/qnPeJcnMymmhTdd4g8/hn48ciaDqLAkfRf8abzLPS6Rb6EBdz5CZCL8tzZuI5ps9MhGQGxk+EuKg=="],

    "methods": ["methods@1.1.0", "", {}, "sha512-Th88HxNePtsAmz0WjEhVVyRGv9AQFLv4z6zOj4Dt15PjsKLWB8JXSmxzP+Q27139+AXao0AlCWvonFuJhu4GuA=="],

    "mime": ["mime@1.2.11", "", {}, "sha512-Ysa2F/nqTNGHhhm9MV8ure4+Hc+Y8AWiqUdHxsO7xu8zc92ND9f3kpALHjaP026Ft17UfxrMt95c50PLUeynBw=="],

    "mime-db": ["mime-db@1.52.0", "", {}, "sha512-sPU4uV7dYlvtWJxwwxHD0PuihVNiE7TyAbQ5SWxDCB9mUYvOgroQOwYQQOKPJ8CIbE+1ETVlOoK1UC2nU3gYvg=="],

    "mime-types": ["mime-types@2.1.35", "", { "dependencies": { "mime-db": "1.52.0" } }, "sha512-ZDY+bPm5zTTF+YpCrAU9nK0UgICYPT0QtT1NZWFv4s++TNkcgVaT0g6+4R2uI4MjQjzysHB1zxuWL50hzaeXiw=="],

    "minimist": ["minimist@1.2.8", "", {}, "sha512-2yyAR8qBkN3YuheJanUpWC5U3bb5osDywNB8RzDVlDwDHbocAJveqqj1u8+SVD7jkWT4yvsHCpWqqWqAxb0zCA=="],

    "mkdirp": ["mkdirp@0.5.6", "", { "dependencies": { "minimist": "^1.2.6" }, "bin": { "mkdirp": "bin/cmd.js" } }, "sha512-FP+p8RB8OWpF3YZBCrP5gtADmtXApB5AMLn+vdyA+PyxCjrCs00mjyUozssO33cwDeT3wNGdLxJ5M//YqtHAJw=="],

    "mmdb-lib": ["mmdb-lib@3.0.1", "", {}, "sha512-dyAyMR+cRykZd1mw5altC9f4vKpCsuywPwo8l/L5fKqDay2zmqT0mF/BvUoXnQiqGn+nceO914rkPKJoyFnGxA=="],

    "moment": ["moment@2.30.1", "", {}, "sha512-uEmtNhbDOrWPFS+hdjFCBfy9f2YoyzRpwcl+DqpC6taX21FzsTLQVbMV/W7PzNSX6x/bhC1zA3c2UQ5NzH6how=="],

    "morgan": ["morgan@1.2.0", "", { "dependencies": { "basic-auth": "1.0.0", "bytes": "1.0.0", "depd": "0.4.2", "finished": "~1.2.2" } }, "sha512-VrasIzA69dsxJm1+MVWTLTiij3kiG33XPfGiexqstHpcSvSu/Z51W+FGQyIlbc3jZZuF2PFujsjw+YQvpXz3UA=="],

    "ms": ["ms@2.1.3", "", {}, "sha512-6FlzubTLZG3J2a/NVCAleEhjzq5oxgHyaCU9yYXvcLsvoVaHJq/s5xXI6/XXP6tz7R9xAOtHnSO/tXtF3WRTlA=="],

    "nan": ["nan@0.3.2", "", {}, "sha512-V9/Pyy5Oelv6vVJP9X+dAzU3IO19j6YXrJnODHxP2h54hTvfFQGahdsQV6Ule/UukiEJk1SkQ/aUyWUm61RBQw=="],

    "native-dns": ["native-dns@0.6.1", "", { "dependencies": { "ipaddr.js": ">= 0.1.1", "native-dns-cache": ">= 0.0.1", "native-dns-packet": ">= 0.0.4" } }, "sha512-svX0dstdoFeEO1sD1Kkrrj/Ad7QfHuczp2YpRnBpjJHqh0dpYLZhLERbf76S6LMkLAT5eZ8tJrPwZciIX5pj6Q=="],

    "native-dns-cache": ["native-dns-cache@0.0.2", "", { "dependencies": { "binaryheap": ">= 0.0.3", "native-dns-packet": ">= 0.0.1" } }, "sha512-09HXHdb/updxfigaFbR53F8nCKqxM8WuHfTWBsusVlwSSZZ3qwWRdD6Kx2x8HBI1Q5IaycwcJOvBoXZWJNfVEg=="],

    "native-dns-packet": ["native-dns-packet@0.1.1", "", { "dependencies": { "buffercursor": ">= 0.0.12", "ipaddr.js": ">= 0.1.1" } }, "sha512-j1XxnFFTUB7mujma468WyAOmyVtkuuLTelxJF13tSTIPO56X7bHALrG0G4jFQnvyTPCt4VnFiZezWpfKbaHc+g=="],

    "negotiator": ["negotiator@0.4.7", "", {}, "sha512-ujxWwyRfZ6udAgHGECQC3JDO9e6UAsuItfUMcqA0Xf2OLNQTveFVFx+fHGIJ5p0MJaJrZyGQqPwzuN0NxJzEKA=="],

    "node-cron": ["node-cron@4.2.1", "", {}, "sha512-lgimEHPE/QDgFlywTd8yTR61ptugX3Qer29efeyWw2rv259HtGBNn1vZVmp8lB9uo9wC0t/AT4iGqXxia+CJFg=="],

    "node-options": ["node-options@0.0.6", "", {}, "sha512-OrfY9+LgcLjoo2oyqxjP3gZLBuNDV1IblF69HGLdbE8JUJxSnl2kB561r41KOMc1GWLspjMSfa9L6+iW4fvYrw=="],

    "node-uuid": ["node-uuid@1.4.8", "", { "bin": { "uuid": "./bin/uuid" } }, "sha512-TkCET/3rr9mUuRp+CpO7qfgT++aAxfDRaalQhwPFzI9BY/2rCDn6OfpZOVggi1AXfTPpfkTrg5f5WQx5G1uLxA=="],

    "oauth-sign": ["oauth-sign@0.2.0", "", {}, "sha512-4DtiD64CwPJ5vZ636j/KtM7DxWbX1KlkqwbqbEAxI3BCpBrQdrKOv8vC/36U6gfm1CVapy6QmcVxPnXPPQApTA=="],

    "object-component": ["object-component@0.0.3", "", {}, "sha512-S0sN3agnVh2SZNEIGc0N1X4Z5K0JeFbGBrnuZpsxuUh5XLF0BnvWkMjRXo/zGKLd/eghvNIKcx1pQkmUjXIyrA=="],

    "object-hash": ["object-hash@3.0.0", "", {}, "sha512-RSn9F68PjH9HqtltsSnqYC1XXoWe9Bju5+213R98cNGttag9q9yAOTzdbsqvIa7aNm5WffBZFpWYr2aWrklWAw=="],

    "one-time": ["one-time@1.0.0", "", { "dependencies": { "fn.name": "1.x.x" } }, "sha512-5DXOiRKwuSEcQ/l0kGCF6Q3jcADFv5tSmRaJck/OqkVFcOzutB134KRSfF0xDrL39MNnqxbHBbUUcjZIhTgb2g=="],

    "optimist": ["optimist@0.3.7", "", { "dependencies": { "wordwrap": "~0.0.2" } }, "sha512-TCx0dXQzVtSCg2OgY/bO9hjM9cV4XYx09TVK+s3+FhkjT6LovsLe+pPMzpWf+6yXK/hUizs2gUoTw3jHM0VaTQ=="],

    "options": ["options@0.0.6", "", {}, "sha512-bOj3L1ypm++N+n7CEbbe473A414AB7z+amKYshRb//iuL3MpdDCLhPnw6aVTdKB9g5ZRVHIEp8eUln6L2NUStg=="],

    "parsejson": ["parsejson@0.0.1", "", { "dependencies": { "better-assert": "~1.0.0" } }, "sha512-W9CRvTfYQY/kbRc5Q6YTWarb/QDxdEGbd6RCP8CLUQDJV89RVHoS2A0dZYNtAcq31fulGNN4ZhAhiQQazwlKJg=="],

    "parseqs": ["parseqs@0.0.2", "", { "dependencies": { "better-assert": "~1.0.0" } }, "sha512-vyyyfQGUFZnDhgrrdn+hh1JuOfvbXU5oRr6dijfkSIbaFuxGgTSCA/RNVcsADmo0k2NX6wERVTMKkXokjuObJA=="],

    "parseuri": ["parseuri@0.0.2", "", { "dependencies": { "better-assert": "~1.0.0" } }, "sha512-m0H+R0u5LXOx8sbxufnvgKrRLpkVpvtMf0AyWXYSqLwo2MWrVEgCIbgpaSVa398xl6wTLe0A7CGhiC4hBdEzHQ=="],

    "parseurl": ["parseurl@1.1.3", "", {}, "sha512-7y9IL/9x2suvr1uIvoAc3yv3f28hZ55g2OM+ybEtnZqV6Ykeg36sy1PCsTN9rQUZYzb9lTKLzzmJM11jaXSloA=="],

    "path-to-regexp": ["path-to-regexp@0.1.3", "", {}, "sha512-sd4vSOW+DCM6A5aRICI1CWaC7nufnzVpZfuh5T0VXshxxzFWuaFcvqKovAFLNGReOc+uZRptpcpPmn7CDvzLuA=="],

    "pkginfo": ["pkginfo@0.3.1", "", {}, "sha512-yO5feByMzAp96LtP58wvPKSbaKAi/1C4kV9XpTctr6EepnP6F33RBNOiVrdz9BrPA98U2BMFsTNHo44TWcbQ2A=="],

    "portfinder": ["portfinder@0.4.0", "", { "dependencies": { "async": "0.9.0", "mkdirp": "0.5.x" } }, "sha512-SZ3hp61WVhwNSS0gf0Fdrx5Yb/wl35qisHuPVM1S0StV8t5XlVZmmJy7/417OELJA7t6ecEmeEzvOaBwq3kCiQ=="],

    "proxy-addr": ["proxy-addr@1.0.1", "", { "dependencies": { "ipaddr.js": "0.1.2" } }, "sha512-rIUGzBlSfkJMWWCgsd4N5wvVSNAcJZg//UwPZumDIbScHRUzuSOjBmIdyICiKkB9yArv+er9qC6RA/NL3AWc6A=="],

    "proxy-from-env": ["proxy-from-env@1.1.0", "", {}, "sha512-D+zkORCbA9f1tdWRK0RaCR3GPv50cMxcrz4X8k5LTSUD1Dkw47mKJEZQNunItRTkWwgtaUSo1RVFRIG9ZXiFYg=="],

    "qs": ["qs@0.6.6", "", {}, "sha512-kN+yNdAf29Jgp+AYHUmC7X4QdJPR8czuMWLNLc0aRxkQ7tB3vJQEONKKT9ou/rW7EbqVec11srC9q9BiVbcnHA=="],

    "range-parser": ["range-parser@1.0.0", "", {}, "sha512-wOH5LIH2ZHo0P7/bwkR+aNbJ+kv3CHVX4B8qs9GqbtY29fi1bGPV5xczrutN20G+Z4XhRqRMTW3q0S4iyJJPfw=="],

    "raw-body": ["raw-body@1.3.0", "", { "dependencies": { "bytes": "1", "iconv-lite": "0.4.4" } }, "sha512-iuI1bOSi9tEmVCrXq02ZysXatTrhAu+fSo7XOQHhMo4g87dSy9YB2W/9Udwhz0bPpFk4UcoLhjrHgpPbRD3ktA=="],

    "readable-stream": ["readable-stream@3.6.2", "", { "dependencies": { "inherits": "^2.0.3", "string_decoder": "^1.1.1", "util-deprecate": "^1.0.1" } }, "sha512-9u/sniCrY3D5WdsERHzHE4G2YCXqoG5FTHUiCC4SIbr6XcLZBY05ya9EKjYek9O5xOAwjGq+1JdGBAS7Q9ScoA=="],

    "request": ["request@2.16.6", "", { "dependencies": { "aws-sign": "~0.2.0", "cookie-jar": "~0.2.0", "forever-agent": "~0.2.0", "form-data": "~0.0.3", "hawk": "~0.10.2", "json-stringify-safe": "~3.0.0", "mime": "~1.2.7", "node-uuid": "~1.4.0", "oauth-sign": "~0.2.0", "qs": "~0.5.4", "tunnel-agent": "~0.2.0" } }, "sha512-TfD4kMo40kwuOpO7GYfAZpb2wYdw7yvTIglPNgPPSmp2Fz6MKNvPLla40FQ/ypdhy6B2jRNz3VlCjPD6mnzsmA=="],

    "safe-buffer": ["safe-buffer@5.2.1", "", {}, "sha512-rp3So07KcdmmKbGvgaNxQSJr7bGVSVk5S9Eq1F+ppbRo70+YeaDxkw5Dd8NPN+GD6bjnYm2VuPuCXmpuYvmCXQ=="],

    "safe-stable-stringify": ["safe-stable-stringify@2.5.0", "", {}, "sha512-b3rppTKm9T+PsVCBEOUR46GWI7fdOs00VKZ1+9c1EWDaDMvjQc6tUwuFyIprgGgTcWoVHSKrU8H31ZHA2e0RHA=="],

    "send": ["send@0.6.0", "", { "dependencies": { "debug": "1.0.3", "depd": "0.3.0", "escape-html": "1.0.1", "finished": "1.2.2", "fresh": "0.2.2", "mime": "1.2.11", "ms": "0.6.2", "range-parser": "~1.0.0" } }, "sha512-A3EwHmDwcPcmLxIRNjr2YbXiYWq6M9JyUq4303pLKVFs4m5oeME0a9Cpcu9N22fED5XVepldjPYGo9eJifb7Yg=="],

    "serve-static": ["serve-static@1.3.2", "", { "dependencies": { "escape-html": "1.0.1", "parseurl": "~1.1.3", "send": "0.6.0" } }, "sha512-KwjCeYUx7IM1neg8/P0+O1DZsl76XcOSuV0ZxrI0r60vwGlcjMjKOYCK/OFLJy/a2CFuIyAa/x0PuQ0yuG+IgQ=="],

    "sntp": ["sntp@0.1.4", "", { "dependencies": { "hoek": "0.7.x" } }, "sha512-v90tkW8VIdXwY35BJAWIpZWd/h+WC7TufizgUO2jtOY21isIo8IP85f1zJ8mKF8o77Vxo5k+GJmUZ4H6phVt1g=="],

    "socket.io": ["socket.io@1.0.6", "", { "dependencies": { "debug": "0.7.4", "engine.io": "1.3.1", "has-binary-data": "0.1.1", "socket.io-adapter": "0.2.0", "socket.io-client": "1.0.6", "socket.io-parser": "2.2.0" } }, "sha512-1x7TkMh8aKfLoXuXe5rXnDnv3xfcOFrDM6hR9z15dpZ83tTxt2NUxnpuGL2zMIAJQ4DitKiadEBvBVju5cxcHw=="],

    "socket.io-adapter": ["socket.io-adapter@0.2.0", "", { "dependencies": { "debug": "0.7.4", "socket.io-parser": "2.1.2" } }, "sha512-3PlX+MOlpHiY+ZTbKhpE4i+M4u8hFUlVyqFP4K/mH+t+D9bMKATFqUUY3zWQMEo2g/1ckosURXviQw6M8R/y8A=="],

    "socket.io-client": ["socket.io-client@1.0.6", "", { "dependencies": { "component-bind": "1.0.0", "component-emitter": "1.1.2", "debug": "0.7.4", "engine.io-client": "1.3.1", "has-binary-data": "0.1.1", "indexof": "0.0.1", "object-component": "0.0.3", "parseuri": "0.0.2", "socket.io-parser": "2.2.0", "to-array": "0.1.3" } }, "sha512-itdtz6fQBTFIDBP4+hJox0OlT+SbCVdENjPgjMup3ehu7OsiG6t0FYBXCx+k/upt9lbeyp9BmUNNi5EfnGa5Vw=="],

    "socket.io-parser": ["socket.io-parser@2.2.0", "", { "dependencies": { "debug": "0.7.4", "emitter": "http://github.com/component/emitter/archive/1.0.1.tar.gz", "isarray": "0.0.1", "json3": "3.2.6" } }, "sha512-uW3UiLVibAyleKq8r/yZe1oPO51olhY18T6HtnN0iI6RLqJfYC0YiyAFlsPw1+8I0Z1qFd8jFLTRZo2vr6ISxA=="],

    "stack-trace": ["stack-trace@0.0.10", "", {}, "sha512-KGzahc7puUKkzyMt+IqAep+TVNbKP+k2Lmwhub39m1AsTSkaDutx56aDCo+HLDzf/D26BIHTJWNiTG1KAJiQCg=="],

    "streamx": ["streamx@2.23.0", "", { "dependencies": { "events-universal": "^1.0.0", "fast-fifo": "^1.3.2", "text-decoder": "^1.1.0" } }, "sha512-kn+e44esVfn2Fa/O0CPFcex27fjIL6MkVae0Mm6q+E6f0hWv578YCERbv+4m02cjxvDsPKLnmxral/rR6lBMAg=="],

    "string_decoder": ["string_decoder@1.3.0", "", { "dependencies": { "safe-buffer": "~5.2.0" } }, "sha512-hkRX8U1WjJFd8LsDJ2yQ/wWWxaopEsABU1XfkM8A+j0+85JAGppt16cr1Whg6KIbb4okU6Mql6BOj+uup/wKeA=="],

    "tar-stream": ["tar-stream@3.1.7", "", { "dependencies": { "b4a": "^1.6.4", "fast-fifo": "^1.2.0", "streamx": "^2.15.0" } }, "sha512-qJj60CXt7IU1Ffyc3NJMjh6EkuCFej46zUqJ4J7pqYlThyd9bO0XBTmcOIhSzZJVWfsLks0+nle/j538YAW9RQ=="],

    "text-decoder": ["text-decoder@1.2.3", "", { "dependencies": { "b4a": "^1.6.4" } }, "sha512-3/o9z3X0X0fTupwsYvR03pJ/DjWuqqrfwBgTQzdWDiQSm9KitAyz/9WqsT2JQW7KV2m+bC2ol/zqpW37NHxLaA=="],

    "text-hex": ["text-hex@1.0.0", "", {}, "sha512-uuVGNWzgJ4yhRaNSiubPY7OjISw4sw4E5Uv0wbjp+OzcbmVU/rsT8ujgcXJhn9ypzsgr5vlzpPqP+MBBKcGvbg=="],

    "tiny-lru": ["tiny-lru@11.4.5", "", {}, "sha512-hkcz3FjNJfKXjV4mjQ1OrXSLAehg8Hw+cEZclOVT+5c/cWQWImQ9wolzTjth+dmmDe++p3bme3fTxz6Q4Etsqw=="],

    "tinycolor": ["tinycolor@0.0.1", "", {}, "sha512-+CorETse1kl98xg0WAzii8DTT4ABF4R3nquhrkIbVGcw1T8JYs5Gfx9xEfGINPUZGDj9C4BmOtuKeaTtuuRolg=="],

    "to-array": ["to-array@0.1.3", "", {}, "sha512-JQk/QMS4oHyU2VufVeyjN25dcnZnr1PV1pa1oKSj7l5tVO9WrU62og3fYzB3mrgJZZgBxdrrA/v6iZzMDuyFYw=="],

    "tomahawk": ["tomahawk@0.1.6", "", { "dependencies": { "body-parser": "1.5.0", "connect": "3.0.2", "errorhandler": "1.1.1", "express": "4.6.1", "morgan": "1.2.0", "node-options": "0.0.6", "socket.io": "1.0.6", "winston": "0.7.3" }, "bin": { "tomahawk": "./bin/tomahawk" } }, "sha512-HFLoewTx2gHD0o2t0tR+EIcDXhqdtakfZCDiYsGjOO93nYQ1i7nbhj3UL7iQdtoBbPAcEbrxeJ0KlfPOvhxFyg=="],

    "tomahawk-plugin-kv-memory-store": ["tomahawk-plugin-kv-memory-store@0.0.3", "", {}, "sha512-opt82r6s+775jmrREiWruMVTQaGQYgPd6/zYTDRwwHhDGSqpFaZZgCSnI/BAIs8nC88puTK4PyodkSRpUDp/2Q=="],

    "triple-beam": ["triple-beam@1.4.1", "", {}, "sha512-aZbgViZrg1QNcG+LULa7nhZpJTZSLm/mXnHXnbAbjmN5aSa0y7V+wvv6+4WaBtpISJzThKy+PIPxc1Nq1EJ9mg=="],

    "tunnel-agent": ["tunnel-agent@0.2.0", "", {}, "sha512-PXy4q1PH88BK0pcGOEMXFAslyBuRWz1wxLfPXTlYFd41eyUgjOALaVGbWJN1ymjbnBzjWunVSKmrrMMh8oLaZA=="],

    "type-is": ["type-is@1.3.2", "", { "dependencies": { "media-typer": "0.2.0", "mime-types": "~1.0.1" } }, "sha512-sdIhnvhWEyIP2DKjj1o9tL31m8vFxDfLPD56KXz2absqY5AF2QYkJC7Wrw2fkzsZA9mv+PCtgyB7EqYOgR+r3Q=="],

    "typescript": ["typescript@5.9.3", "", { "bin": { "tsc": "bin/tsc", "tsserver": "bin/tsserver" } }, "sha512-jl1vZzPDinLr9eUt3J/t7V6FgNEw9QjvBPdysz9KfQDD41fQrC2Y4vKQdiaUpFT4bXlb1RHhLpp8wtm6M5TgSw=="],

    "undici-types": ["undici-types@6.21.0", "", {}, "sha512-iwDZqg0QAGrg9Rav5H4n0M64c3mkR59cJ6wQp+7C4nI0gsmExaedaYLNO44eT4AtBBwjbTiGPMlt2Md0T9H9JQ=="],

    "utf8": ["utf8@2.0.0", "", {}, "sha512-jWXHr+bQ8RsWazLzVY3V7XACPTbBHYSg/VoDVok+DBQk5ULm0AuBCNb9tGmjq2H+znnkBFwjhzzCbn9G3xlYcA=="],

    "util-deprecate": ["util-deprecate@1.0.2", "", {}, "sha512-EPD5q1uXyFxJpCrLnCc1nHnq3gOa6DZBocAIiI2TaSCA7VCJ1UJDMagCzIkXNsUYfD1daK//LTEQ8xiIbrHtcw=="],

    "utils-merge": ["utils-merge@1.0.0", "", {}, "sha512-HwU9SLQEtyo+0uoKXd1nkLqigUWLB+QuNQR4OcmB73eWqksM5ovuqcycks2x043W8XVb75rG1HQ0h93TMXkzQQ=="],

    "uuid": ["uuid@11.1.0", "", { "bin": { "uuid": "dist/esm/bin/uuid" } }, "sha512-0/A9rDy9P7cJ+8w1c9WD9V//9Wj15Ce2MPz8Ri6032usz+NfePxx5AcN3bN+r6ZL6jEo066/yNYB3tn4pQEx+A=="],

    "vary": ["vary@0.1.0", "", {}, "sha512-tyyeG46NQdwyVP/RsWLSrT78ouwEuvwk9gK8vQK4jdXmqoXtTXW+vsCfNcnqRhigF8olV34QVZarmAi6wBV2Mw=="],

    "verror": ["verror@1.10.1", "", { "dependencies": { "assert-plus": "^1.0.0", "core-util-is": "1.0.2", "extsprintf": "^1.2.0" } }, "sha512-veufcmxri4e3XSrT0xwfUR7kguIkaxBeosDg00yDWhk49wdwkSUrvvsm7nc75e1PUyvIeZj6nS8VQRYz2/S4Xg=="],

    "winston": ["winston@3.19.0", "", { "dependencies": { "@colors/colors": "^1.6.0", "@dabh/diagnostics": "^2.0.8", "async": "^3.2.3", "is-stream": "^2.0.0", "logform": "^2.7.0", "one-time": "^1.0.0", "readable-stream": "^3.4.0", "safe-stable-stringify": "^2.3.1", "stack-trace": "0.0.x", "triple-beam": "^1.3.0", "winston-transport": "^4.9.0" } }, "sha512-LZNJgPzfKR+/J3cHkxcpHKpKKvGfDZVPS4hfJCc4cCG0CgYzvlD6yE/S3CIL/Yt91ak327YCpiF/0MyeZHEHKA=="],

    "winston-daily-rotate-file": ["winston-daily-rotate-file@5.0.0", "", { "dependencies": { "file-stream-rotator": "^0.6.1", "object-hash": "^3.0.0", "triple-beam": "^1.4.1", "winston-transport": "^4.7.0" }, "peerDependencies": { "winston": "^3" } }, "sha512-JDjiXXkM5qvwY06733vf09I2wnMXpZEhxEVOSPenZMii+g7pcDcTBt2MRugnoi8BwVSuCT2jfRXBUy+n1Zz/Yw=="],

    "winston-transport": ["winston-transport@4.9.0", "", { "dependencies": { "logform": "^2.7.0", "readable-stream": "^3.6.2", "triple-beam": "^1.3.0" } }, "sha512-8drMJ4rkgaPo1Me4zD/3WLfI/zPdA9o2IipKODunnGDcuqbHwjsbB79ylv04LCGGzU0xQ6vTznOMpQGaLhhm6A=="],

    "wordwrap": ["wordwrap@0.0.3", "", {}, "sha512-1tMA907+V4QmxV7dbRvb4/8MaRALK6q9Abid3ndMYnbyo8piisCmeONVqVSXqQA3KaP4SLt5b7ud6E2sqP8TFw=="],

    "ws": ["ws@0.4.31", "", { "dependencies": { "commander": "~0.6.1", "nan": "~0.3.0", "options": ">=0.0.5", "tinycolor": "0.x" }, "bin": { "wscat": "./bin/wscat" } }, "sha512-mWiVQ9qZGPXvLxQ4xGy58Ix5Bw0L99SB+hDT8L59bty4fbnQczaGl4YEWR7AzLQGbvPn/30r9/o41dPiSuUmYw=="],

    "xmlhttprequest": ["xmlhttprequest@https://github.com/LearnBoost/node-XMLHttpRequest/archive/0f36d0b5ebc03d85f860d42a64ae9791e1daa433.tar.gz", {}],

    "@types/tar-stream/@types/node": ["@types/node@24.1.0", "", { "dependencies": { "undici-types": "~7.8.0" } }, "sha512-ut5FthK5moxFKH2T1CUOC6ctR67rQRvvHdFLCD2Ql6KXmMuCrjsSsRI9UsLCm9M18BMwClv4pn327UvB7eeO1w=="],

    "accepts/mime-types": ["mime-types@1.0.2", "", {}, "sha512-echfutj/t5SoTL4WZpqjA1DCud1XO0WQF3/GJ48YBmc4ZMhCK77QA6Z/w6VTQERLKuJ4drze3kw2TUT8xZXVNw=="],

    "bun-types/@types/node": ["@types/node@24.1.0", "", { "dependencies": { "undici-types": "~7.8.0" } }, "sha512-ut5FthK5moxFKH2T1CUOC6ctR67rQRvvHdFLCD2Ql6KXmMuCrjsSsRI9UsLCm9M18BMwClv4pn327UvB7eeO1w=="],

    "debug/ms": ["ms@0.6.2", "", {}, "sha512-/pc3eh7TWorTtbvXg8je4GvrvEqCfH7PA3P7iW01yL2E53FKixzgMBaQi0NOPbMJqY34cBSvR0tZtmlTkdUG4A=="],

    "dns/winston": ["winston@0.7.3", "", { "dependencies": { "async": "0.2.x", "colors": "0.6.x", "cycle": "1.0.x", "eyes": "0.1.x", "pkginfo": "0.3.x", "request": "2.16.x", "stack-trace": "0.0.x" } }, "sha512-iVTT8tf9YnTyfZX+aEUj2fl6WBRet7za6vdjMeyF8SA80Vii2rreM5XH+5qmpBV9uJGj8jz8BozvTDcroVq/eA=="],

    "engine.io/debug": ["debug@0.6.0", "", {}, "sha512-2vIZf67+gMicLu8McscD1NNhMWbiTSJkhlByoTA1Gw54zOb/9IlxylYG+Kr9z1X2wZTHh1AMSp+YiMjYtLkVUA=="],

    "engine.io-client/debug": ["debug@0.7.4", "", {}, "sha512-EohAb3+DSHSGx8carOSKJe8G0ayV5/i609OD0J2orCkuyae7SyZSz2aoLmQF2s0Pj5gITDebwPH7GFBlqOUQ1Q=="],

    "express/depd": ["depd@0.3.0", "", {}, "sha512-Uyx3FgdvEYlpA3W4lf37Ide++2qOsjLlJ7dap0tbM63j/BxTCcxmyIOO6PXbKbOuNSko+fsDHzzx1DUeo1+3fA=="],

    "express/finalhandler": ["finalhandler@0.0.3", "", { "dependencies": { "debug": "1.0.3", "escape-html": "1.0.1" } }, "sha512-/fqgssseNfnD8Y77HWyJKQ+1xbKu7bZl2LXfhFjkgeGg91WRMMO9GN1KKL53NnIG9g1H2Xq3iKrZkuIcAmjd0A=="],

    "finalhandler/debug": ["debug@1.0.2", "", { "dependencies": { "ms": "0.6.2" } }, "sha512-T9bufXIzQvCa4VrTIpLvvwdLhH+wuBtvIJJA3xgzVcaVETGmTIWMfEXQEd1K4p8BaRmQJPn6MPut38H7YQ+iIA=="],

    "portfinder/async": ["async@0.9.0", "", {}, "sha512-XQJ3MipmCHAIBBMFfu2jaSetneOrXbSyyqeU3Nod867oNOpS+i9FEms5PWgjMxSgBybRf2IVVLtr1YfrDO+okg=="],

    "proxy-addr/ipaddr.js": ["ipaddr.js@0.1.2", "", {}, "sha512-MGrEjHz4Hk5UVpJXZQ2tHB+bp6xgdRKCAEWdrgFsoAmXCgKAPtj8LqMxgvlWEAj9aN+PpTcvE051uZU3K3kLSQ=="],

    "request/form-data": ["form-data@0.0.10", "", { "dependencies": { "async": "~0.2.7", "combined-stream": "~0.0.4", "mime": "~1.2.2" } }, "sha512-Z9/PpT/agxXi80nMpOH6GFD7XOr6mwk5aWMxDt/KMY+Nm7e4FnRMjddM4/mLPJhpmp6alY1F/1JQpRE6z07xng=="],

    "request/qs": ["qs@0.5.6", "", {}, "sha512-KbOrQrP5Ye+0gmq+hwxoJwAFRwExACWqwxj1IDFFgqOw9Poxy3wwSbafd9ZqP6T6ykMfnxM573kt/a4i9ybatQ=="],

    "send/depd": ["depd@0.3.0", "", {}, "sha512-Uyx3FgdvEYlpA3W4lf37Ide++2qOsjLlJ7dap0tbM63j/BxTCcxmyIOO6PXbKbOuNSko+fsDHzzx1DUeo1+3fA=="],

    "send/ms": ["ms@0.6.2", "", {}, "sha512-/pc3eh7TWorTtbvXg8je4GvrvEqCfH7PA3P7iW01yL2E53FKixzgMBaQi0NOPbMJqY34cBSvR0tZtmlTkdUG4A=="],

    "socket.io/debug": ["debug@0.7.4", "", {}, "sha512-EohAb3+DSHSGx8carOSKJe8G0ayV5/i609OD0J2orCkuyae7SyZSz2aoLmQF2s0Pj5gITDebwPH7GFBlqOUQ1Q=="],

    "socket.io-adapter/debug": ["debug@0.7.4", "", {}, "sha512-EohAb3+DSHSGx8carOSKJe8G0ayV5/i609OD0J2orCkuyae7SyZSz2aoLmQF2s0Pj5gITDebwPH7GFBlqOUQ1Q=="],

    "socket.io-adapter/socket.io-parser": ["socket.io-parser@2.1.2", "", { "dependencies": { "debug": "0.7.4", "emitter": "http://github.com/component/emitter/archive/1.0.1.tar.gz", "isarray": "0.0.1", "json3": "3.2.6" } }, "sha512-eVkt8prgw20H+4P8Iw6tis/w7leiN5EW/93Vq+KL8w+yNJu+QNgaej2Cgt8FhVCVuN3AHyLU50vXvM8cpUR1JQ=="],

    "socket.io-client/debug": ["debug@0.7.4", "", {}, "sha512-EohAb3+DSHSGx8carOSKJe8G0ayV5/i609OD0J2orCkuyae7SyZSz2aoLmQF2s0Pj5gITDebwPH7GFBlqOUQ1Q=="],

    "socket.io-parser/debug": ["debug@0.7.4", "", {}, "sha512-EohAb3+DSHSGx8carOSKJe8G0ayV5/i609OD0J2orCkuyae7SyZSz2aoLmQF2s0Pj5gITDebwPH7GFBlqOUQ1Q=="],

    "tomahawk/winston": ["winston@0.7.3", "", { "dependencies": { "async": "0.2.x", "colors": "0.6.x", "cycle": "1.0.x", "eyes": "0.1.x", "pkginfo": "0.3.x", "request": "2.16.x", "stack-trace": "0.0.x" } }, "sha512-iVTT8tf9YnTyfZX+aEUj2fl6WBRet7za6vdjMeyF8SA80Vii2rreM5XH+5qmpBV9uJGj8jz8BozvTDcroVq/eA=="],

    "type-is/mime-types": ["mime-types@1.0.2", "", {}, "sha512-echfutj/t5SoTL4WZpqjA1DCud1XO0WQF3/GJ48YBmc4ZMhCK77QA6Z/w6VTQERLKuJ4drze3kw2TUT8xZXVNw=="],

    "@types/tar-stream/@types/node/undici-types": ["undici-types@7.8.0", "", {}, "sha512-9UJ2xGDvQ43tYyVMpuHlsgApydB8ZKfVYTsLDhXkFL/6gfkp+U8xTGdh8pMJv1SpZna0zxG1DwsKZsreLbXBxw=="],

    "bun-types/@types/node/undici-types": ["undici-types@7.8.0", "", {}, "sha512-9UJ2xGDvQ43tYyVMpuHlsgApydB8ZKfVYTsLDhXkFL/6gfkp+U8xTGdh8pMJv1SpZna0zxG1DwsKZsreLbXBxw=="],

    "dns/winston/async": ["async@0.2.10", "", {}, "sha512-eAkdoKxU6/LkKDBzLpT+t6Ff5EtfSF4wx1WfJiPEEV7WNLnDaRXk0oVysiEPm262roaachGexwUv94WhSgN5TQ=="],

    "finalhandler/debug/ms": ["ms@0.6.2", "", {}, "sha512-/pc3eh7TWorTtbvXg8je4GvrvEqCfH7PA3P7iW01yL2E53FKixzgMBaQi0NOPbMJqY34cBSvR0tZtmlTkdUG4A=="],

    "request/form-data/async": ["async@0.2.10", "", {}, "sha512-eAkdoKxU6/LkKDBzLpT+t6Ff5EtfSF4wx1WfJiPEEV7WNLnDaRXk0oVysiEPm262roaachGexwUv94WhSgN5TQ=="],

    "request/form-data/combined-stream": ["combined-stream@0.0.7", "", { "dependencies": { "delayed-stream": "0.0.5" } }, "sha512-qfexlmLp9MyrkajQVyjEDb0Vj+KhRgR/rxLiVhaihlT+ZkX0lReqtH6Ack40CvMDERR4b5eFp3CreskpBs1Pig=="],

    "tomahawk/winston/async": ["async@0.2.10", "", {}, "sha512-eAkdoKxU6/LkKDBzLpT+t6Ff5EtfSF4wx1WfJiPEEV7WNLnDaRXk0oVysiEPm262roaachGexwUv94WhSgN5TQ=="],

    "request/form-data/combined-stream/delayed-stream": ["delayed-stream@0.0.5", "", {}, "sha512-v+7uBd1pqe5YtgPacIIbZ8HuHeLFVNe4mUEyFDXL6KiqzEykjbw+5mXZXpGFgNVasdL4jWKgaKIXrEHiynN1LA=="],
  }
}
